
Microsoft Visual Studio Solution File, Format Version 12.00
# Visual Studio Version 16
VisualStudioVersion = 16.0.31205.134
MinimumVisualStudioVersion = 10.0.40219.1
Project("{FAE04EC0-301F-11D3-BF4B-00C04F79EFBC}") = "MarsRoverCaseStudy", "MarsRoverCaseStudy\MarsRoverCaseStudy.csproj", "{AC123130-D968-4C6E-84EB-F334937D0649}"
EndProject
Project("{FAE04EC0-301F-11D3-BF4B-00C04F79EFBC}") = "MarsRoverCaseStudy.Test", "MarsRoverCaseStudy.Test\MarsRoverCaseStudy.Test.csproj", "{80FE7C70-A5CD-4A28-94BE-68AFDCB14166}"
EndProject
Global
	GlobalSection(SolutionConfigurationPlatforms) = preSolution
		Debug|Any CPU = Debug|Any CPU
		Release|Any CPU = Release|Any CPU
	EndGlobalSection
	GlobalSection(ProjectConfigurationPlatforms) = postSolution
		{AC123130-D968-4C6E-84EB-F334937D0649}.Debug|Any CPU.ActiveCfg = Debug|Any CPU
		{AC123130-D968-4C6E-84EB-F334937D0649}.Debug|Any CPU.Build.0 = Debug|Any CPU
		{AC123130-D968-4C6E-84EB-F334937D0649}.Release|Any CPU.ActiveCfg = Release|Any CPU
		{AC123130-D968-4C6E-84EB-F334937D0649}.Release|Any CPU.Build.0 = Release|Any CPU
		{80FE7C70-A5CD-4A28-94BE-68AFDCB14166}.Debug|Any CPU.ActiveCfg = Debug|Any CPU
		{80FE7C70-A5CD-4A28-94BE-68AFDCB14166}.Debug|Any CPU.Build.0 = Debug|Any CPU
		{80FE7C70-A5CD-4A28-94BE-68AFDCB14166}.Release|Any CPU.ActiveCfg = Release|Any CPU
		{80FE7C70-A5CD-4A28-94BE-68AFDCB14166}.Release|Any CPU.Build.0 = Release|Any CPU
	EndGlobalSection
	GlobalSection(SolutionProperties) = preSolution
		HideSolutionNode = FALSE
	EndGlobalSection
	GlobalSection(ExtensibilityGlobals) = postSolution
		SolutionGuid = {660461F1-2515-4ED0-8BD3-B9618901A6A3}
	EndGlobalSection
EndGlobal
